
Microsoft Visual Studio Solution File, Format Version 12.00
# Visual Studio Version 16
VisualStudioVersion = 16.0.33027.164
MinimumVisualStudioVersion = 10.0.40219.1
Project("{FAE04EC0-301F-11D3-BF4B-00C04F79EFBC}") = "lab3ex1", "lab3ex1\lab3ex1.csproj", "{DF7820FA-9F0F-4CB3-B2CF-2EF7D21F45AB}"
EndProject
Global
	GlobalSection(SolutionConfigurationPlatforms) = preSolution
		Debug|Any CPU = Debug|Any CPU
		Release|Any CPU = Release|Any CPU
	EndGlobalSection
	GlobalSection(ProjectConfigurationPlatforms) = postSolution
		{DF7820FA-9F0F-4CB3-B2CF-2EF7D21F45AB}.Debug|Any CPU.ActiveCfg = Debug|Any CPU
		{DF7820FA-9F0F-4CB3-B2CF-2EF7D21F45AB}.Debug|Any CPU.Build.0 = Debug|Any CPU
		{DF7820FA-9F0F-4CB3-B2CF-2EF7D21F45AB}.Release|Any CPU.ActiveCfg = Release|Any CPU
		{DF7820FA-9F0F-4CB3-B2CF-2EF7D21F45AB}.Release|Any CPU.Build.0 = Release|Any CPU
	EndGlobalSection
	GlobalSection(SolutionProperties) = preSolution
		HideSolutionNode = FALSE
	EndGlobalSection
	GlobalSection(ExtensibilityGlobals) = postSolution
		SolutionGuid = {CBFE5F38-2AEC-42FA-887D-9CB90658A53B}
	EndGlobalSection
EndGlobal
